// !$*UTF8*$!
{
	archiveVersion = 1;
	classes = {
	};
	objectVersion = 48;
	objects = {

/* Begin PBXBuildFile section */
		AFA54CAC20501C840032BEA9 /* AppDelegate.swift in Sources */ = {isa = PBXBuildFile; fileRef = AFA54CAB20501C840032BEA9 /* AppDelegate.swift */; };
		AFA54CAE20501C840032BEA9 /* ViewController.swift in Sources */ = {isa = PBXBuildFile; fileRef = AFA54CAD20501C840032BEA9 /* ViewController.swift */; };
		AFA54CB120501C840032BEA9 /* Main.storyboard in Resources */ = {isa = PBXBuildFile; fileRef = AFA54CAF20501C840032BEA9 /* Main.storyboard */; };
		AFA54CB320501C840032BEA9 /* Assets.xcassets in Resources */ = {isa = PBXBuildFile; fileRef = AFA54CB220501C840032BEA9 /* Assets.xcassets */; };
		AFA54CB620501C840032BEA9 /* LaunchScreen.storyboard in Resources */ = {isa = PBXBuildFile; fileRef = AFA54CB420501C840032BEA9 /* LaunchScreen.storyboard */; };
		AFE88D8F2052625E0050304D /* Patreon.framework in Frameworks */ = {isa = PBXBuildFile; fileRef = AFE88D8C205262320050304D /* Patreon.framework */; };
		AFE88D902052625E0050304D /* Patreon.framework in Embed Frameworks */ = {isa = PBXBuildFile; fileRef = AFE88D8C205262320050304D /* Patreon.framework */; settings = {ATTRIBUTES = (CodeSignOnCopy, RemoveHeadersOnCopy, ); }; };
/* End PBXBuildFile section */

/* Begin PBXContainerItemProxy section */
		AFE88D8B205262320050304D /* PBXContainerItemProxy */ = {
			isa = PBXContainerItemProxy;
			containerPortal = AFE88D86205262320050304D /* Patreon.xcodeproj */;
			proxyType = 2;
			remoteGlobalIDString = AFA54CFC20501D2F0032BEA9;
			remoteInfo = Patreon;
		};
		AFE88D8D205262320050304D /* PBXContainerItemProxy */ = {
			isa = PBXContainerItemProxy;
			containerPortal = AFE88D86205262320050304D /* Patreon.xcodeproj */;
			proxyType = 2;
			remoteGlobalIDString = AFA54D0520501D2F0032BEA9;
			remoteInfo = PatreonTests;
		};
		AFE88D912052625E0050304D /* PBXContainerItemProxy */ = {
			isa = PBXContainerItemProxy;
			containerPortal = AFE88D86205262320050304D /* Patreon.xcodeproj */;
			proxyType = 1;
			remoteGlobalIDString = AFA54CFB20501D2F0032BEA9;
			remoteInfo = Patreon;
		};
/* End PBXContainerItemProxy section */

/* Begin PBXCopyFilesBuildPhase section */
		AFE88D932052625E0050304D /* Embed Frameworks */ = {
			isa = PBXCopyFilesBuildPhase;
			buildActionMask = 2147483647;
			dstPath = "";
			dstSubfolderSpec = 10;
			files = (
				AFE88D902052625E0050304D /* Patreon.framework in Embed Frameworks */,
			);
			name = "Embed Frameworks";
			runOnlyForDeploymentPostprocessing = 0;
		};
/* End PBXCopyFilesBuildPhase section */

/* Begin PBXFileReference section */
		AFA54CA820501C840032BEA9 /* Patreon Sample App.app */ = {isa = PBXFileReference; explicitFileType = wrapper.application; includeInIndex = 0; path = "Patreon Sample App.app"; sourceTree = BUILT_PRODUCTS_DIR; };
		AFA54CAB20501C840032BEA9 /* AppDelegate.swift */ = {isa = PBXFileReference; lastKnownFileType = sourcecode.swift; path = AppDelegate.swift; sourceTree = "<group>"; };
		AFA54CAD20501C840032BEA9 /* ViewController.swift */ = {isa = PBXFileReference; lastKnownFileType = sourcecode.swift; path = ViewController.swift; sourceTree = "<group>"; };
		AFA54CB020501C840032BEA9 /* Base */ = {isa = PBXFileReference; lastKnownFileType = file.storyboard; name = Base; path = Base.lproj/Main.storyboard; sourceTree = "<group>"; };
		AFA54CB220501C840032BEA9 /* Assets.xcassets */ = {isa = PBXFileReference; lastKnownFileType = folder.assetcatalog; path = Assets.xcassets; sourceTree = "<group>"; };
		AFA54CB520501C840032BEA9 /* Base */ = {isa = PBXFileReference; lastKnownFileType = file.storyboard; name = Base; path = Base.lproj/LaunchScreen.storyboard; sourceTree = "<group>"; };
		AFA54CB720501C840032BEA9 /* Info.plist */ = {isa = PBXFileReference; lastKnownFileType = text.plist.xml; path = Info.plist; sourceTree = "<group>"; };
		AFE88D86205262320050304D /* Patreon.xcodeproj */ = {isa = PBXFileReference; lastKnownFileType = "wrapper.pb-project"; name = Patreon.xcodeproj; path = Patreon/Patreon.xcodeproj; sourceTree = "<group>"; };
/* End PBXFileReference section */

/* Begin PBXFrameworksBuildPhase section */
		AFA54CA520501C840032BEA9 /* Frameworks */ = {
			isa = PBXFrameworksBuildPhase;
			buildActionMask = 2147483647;
			files = (
				AFE88D8F2052625E0050304D /* Patreon.framework in Frameworks */,
			);
			runOnlyForDeploymentPostprocessing = 0;
		};
/* End PBXFrameworksBuildPhase section */

/* Begin PBXGroup section */
		AFA54C9F20501C840032BEA9 = {
			isa = PBXGroup;
			children = (
				AFE88D86205262320050304D /* Patreon.xcodeproj */,
				AFA54CAA20501C840032BEA9 /* Patreon Sample App */,
				AFA54CA920501C840032BEA9 /* Products */,
			);
			sourceTree = "<group>";
		};
		AFA54CA920501C840032BEA9 /* Products */ = {
			isa = PBXGroup;
			children = (
				AFA54CA820501C840032BEA9 /* Patreon Sample App.app */,
			);
			name = Products;
			sourceTree = "<group>";
		};
		AFA54CAA20501C840032BEA9 /* Patreon Sample App */ = {
			isa = PBXGroup;
			children = (
				AFA54CAB20501C840032BEA9 /* AppDelegate.swift */,
				AFA54CAD20501C840032BEA9 /* ViewController.swift */,
				AFA54CAF20501C840032BEA9 /* Main.storyboard */,
				AFA54CB220501C840032BEA9 /* Assets.xcassets */,
				AFA54CB420501C840032BEA9 /* LaunchScreen.storyboard */,
				AFA54CB720501C840032BEA9 /* Info.plist */,
			);
			path = "Patreon Sample App";
			sourceTree = "<group>";
		};
		AFE88D87205262320050304D /* Products */ = {
			isa = PBXGroup;
			children = (
				AFE88D8C205262320050304D /* Patreon.framework */,
				AFE88D8E205262320050304D /* PatreonTests.xctest */,
			);
			name = Products;
			sourceTree = "<group>";
		};
/* End PBXGroup section */

/* Begin PBXNativeTarget section */
		AFA54CA720501C840032BEA9 /* Patreon Sample App */ = {
			isa = PBXNativeTarget;
			buildConfigurationList = AFA54CBA20501C840032BEA9 /* Build configuration list for PBXNativeTarget "Patreon Sample App" */;
			buildPhases = (
				AFA54CA420501C840032BEA9 /* Sources */,
				AFA54CA520501C840032BEA9 /* Frameworks */,
				AFA54CA620501C840032BEA9 /* Resources */,
				AFE88D932052625E0050304D /* Embed Frameworks */,
			);
			buildRules = (
			);
			dependencies = (
				AFE88D922052625E0050304D /* PBXTargetDependency */,
			);
			name = "Patreon Sample App";
			productName = "Patreon Sample App";
			productReference = AFA54CA820501C840032BEA9 /* Patreon Sample App.app */;
			productType = "com.apple.product-type.application";
		};
/* End PBXNativeTarget section */

/* Begin PBXProject section */
		AFA54CA020501C840032BEA9 /* Project object */ = {
			isa = PBXProject;
			attributes = {
				LastSwiftUpdateCheck = 0920;
				LastUpgradeCheck = 0920;
				ORGANIZATIONNAME = FotiDim;
				TargetAttributes = {
					AFA54CA720501C840032BEA9 = {
						CreatedOnToolsVersion = 9.2;
						ProvisioningStyle = Automatic;
					};
				};
			};
			buildConfigurationList = AFA54CA320501C840032BEA9 /* Build configuration list for PBXProject "Patreon Sample App" */;
			compatibilityVersion = "Xcode 8.0";
			developmentRegion = en;
			hasScannedForEncodings = 0;
			knownRegions = (
				en,
				Base,
			);
			mainGroup = AFA54C9F20501C840032BEA9;
			productRefGroup = AFA54CA920501C840032BEA9 /* Products */;
			projectDirPath = "";
			projectReferences = (
				{
					ProductGroup = AFE88D87205262320050304D /* Products */;
					ProjectRef = AFE88D86205262320050304D /* Patreon.xcodeproj */;
				},
			);
			projectRoot = "";
			targets = (
				AFA54CA720501C840032BEA9 /* Patreon Sample App */,
			);
		};
/* End PBXProject section */

/* Begin PBXReferenceProxy section */
		AFE88D8C205262320050304D /* Patreon.framework */ = {
			isa = PBXReferenceProxy;
			fileType = wrapper.framework;
			path = Patreon.framework;
			remoteRef = AFE88D8B205262320050304D /* PBXContainerItemProxy */;
			sourceTree = BUILT_PRODUCTS_DIR;
		};
		AFE88D8E205262320050304D /* PatreonTests.xctest */ = {
			isa = PBXReferenceProxy;
			fileType = wrapper.cfbundle;
			path = PatreonTests.xctest;
			remoteRef = AFE88D8D205262320050304D /* PBXContainerItemProxy */;
			sourceTree = BUILT_PRODUCTS_DIR;
		};
/* End PBXReferenceProxy section */

/* Begin PBXResourcesBuildPhase section */
		AFA54CA620501C840032BEA9 /* Resources */ = {
			isa = PBXResourcesBuildPhase;
			buildActionMask = 2147483647;
			files = (
				AFA54CB620501C840032BEA9 /* LaunchScreen.storyboard in Resources */,
				AFA54CB320501C840032BEA9 /* Assets.xcassets in Resources */,
				AFA54CB120501C840032BEA9 /* Main.storyboard in Resources */,
			);
			runOnlyForDeploymentPostprocessing = 0;
		};
/* End PBXResourcesBuildPhase section */

/* Begin PBXSourcesBuildPhase section */
		AFA54CA420501C840032BEA9 /* Sources */ = {
			isa = PBXSourcesBuildPhase;
			buildActionMask = 2147483647;
			files = (
				AFA54CAE20501C840032BEA9 /* ViewController.swift in Sources */,
				AFA54CAC20501C840032BEA9 /* AppDelegate.swift in Sources */,
			);
			runOnlyForDeploymentPostprocessing = 0;
		};
/* End PBXSourcesBuildPhase section */

/* Begin PBXTargetDependency section */
		AFE88D922052625E0050304D /* PBXTargetDependency */ = {
			isa = PBXTargetDependency;
			name = Patreon;
			targetProxy = AFE88D912052625E0050304D /* PBXContainerItemProxy */;
		};
/* End PBXTargetDependency section */

/* Begin PBXVariantGroup section */
		AFA54CAF20501C840032BEA9 /* Main.storyboard */ = {
			isa = PBXVariantGroup;
			children = (
				AFA54CB020501C840032BEA9 /* Base */,
			);
			name = Main.storyboard;
			sourceTree = "<group>";
		};
		AFA54CB420501C840032BEA9 /* LaunchScreen.storyboard */ = {
			isa = PBXVariantGroup;
			children = (
				AFA54CB520501C840032BEA9 /* Base */,
			);
			name = LaunchScreen.storyboard;
			sourceTree = "<group>";
		};
/* End PBXVariantGroup section */

/* Begin XCBuildConfiguration section */
		AFA54CB820501C840032BEA9 /* Debug */ = {
			isa = XCBuildConfiguration;
			buildSettings = {
				ALWAYS_SEARCH_USER_PATHS = NO;
				CLANG_ANALYZER_NONNULL = YES;
				CLANG_ANALYZER_NUMBER_OBJECT_CONVERSION = YES_AGGRESSIVE;
				CLANG_CXX_LANGUAGE_STANDARD = "gnu++14";
				CLANG_CXX_LIBRARY = "libc++";
				CLANG_ENABLE_MODULES = YES;
				CLANG_ENABLE_OBJC_ARC = YES;
				CLANG_WARN_BLOCK_CAPTURE_AUTORELEASING = YES;
				CLANG_WARN_BOOL_CONVERSION = YES;
				CLANG_WARN_COMMA = YES;
				CLANG_WARN_CONSTANT_CONVERSION = YES;
				CLANG_WARN_DIRECT_OBJC_ISA_USAGE = YES_ERROR;
				CLANG_WARN_DOCUMENTATION_COMMENTS = YES;
				CLANG_WARN_EMPTY_BODY = YES;
				CLANG_WARN_ENUM_CONVERSION = YES;
				CLANG_WARN_INFINITE_RECURSION = YES;
				CLANG_WARN_INT_CONVERSION = YES;
				CLANG_WARN_NON_LITERAL_NULL_CONVERSION = YES;
				CLANG_WARN_OBJC_LITERAL_CONVERSION = YES;
				CLANG_WARN_OBJC_ROOT_CLASS = YES_ERROR;
				CLANG_WARN_RANGE_LOOP_ANALYSIS = YES;
				CLANG_WARN_STRICT_PROTOTYPES = YES;
				CLANG_WARN_SUSPICIOUS_MOVE = YES;
				CLANG_WARN_UNGUARDED_AVAILABILITY = YES_AGGRESSIVE;
				CLANG_WARN_UNREACHABLE_CODE = YES;
				CLANG_WARN__DUPLICATE_METHOD_MATCH = YES;
				CODE_SIGN_IDENTITY = "iPhone Developer";
				COPY_PHASE_STRIP = NO;
				DEBUG_INFORMATION_FORMAT = dwarf;
				ENABLE_STRICT_OBJC_MSGSEND = YES;
				ENABLE_TESTABILITY = YES;
				GCC_C_LANGUAGE_STANDARD = gnu11;
				GCC_DYNAMIC_NO_PIC = NO;
				GCC_NO_COMMON_BLOCKS = YES;
				GCC_OPTIMIZATION_LEVEL = 0;
				GCC_PREPROCESSOR_DEFINITIONS = (
					"DEBUG=1",
					"$(inherited)",
				);
				GCC_WARN_64_TO_32_BIT_CONVERSION = YES;
				GCC_WARN_ABOUT_RETURN_TYPE = YES_ERROR;
				GCC_WARN_UNDECLARED_SELECTOR = YES;
				GCC_WARN_UNINITIALIZED_AUTOS = YES_AGGRESSIVE;
				GCC_WARN_UNUSED_FUNCTION = YES;
				GCC_WARN_UNUSED_VARIABLE = YES;
				IPHONEOS_DEPLOYMENT_TARGET = 11.2;
				MTL_ENABLE_DEBUG_INFO = YES;
				ONLY_ACTIVE_ARCH = YES;
				SDKROOT = iphoneos;
				SWIFT_ACTIVE_COMPILATION_CONDITIONS = DEBUG;
				SWIFT_OPTIMIZATION_LEVEL = "-Onone";
			};
			name = Debug;
		};
		AFA54CB920501C840032BEA9 /* Release */ = {
			isa = XCBuildConfiguration;
			buildSettings = {
				ALWAYS_SEARCH_USER_PATHS = NO;
				CLANG_ANALYZER_NONNULL = YES;
				CLANG_ANALYZER_NUMBER_OBJECT_CONVERSION = YES_AGGRESSIVE;
				CLANG_CXX_LANGUAGE_STANDARD = "gnu++14";
				CLANG_CXX_LIBRARY = "libc++";
				CLANG_ENABLE_MODULES = YES;
				CLANG_ENABLE_OBJC_ARC = YES;
				CLANG_WARN_BLOCK_CAPTURE_AUTORELEASING = YES;
				CLANG_WARN_BOOL_CONVERSION = YES;
				CLANG_WARN_COMMA = YES;
				CLANG_WARN_CONSTANT_CONVERSION = YES;
				CLANG_WARN_DIRECT_OBJC_ISA_USAGE = YES_ERROR;
				CLANG_WARN_DOCUMENTATION_COMMENTS = YES;
				CLANG_WARN_EMPTY_BODY = YES;
				CLANG_WARN_ENUM_CONVERSION = YES;
				CLANG_WARN_INFINITE_RECURSION = YES;
				CLANG_WARN_INT_CONVERSION = YES;
				CLANG_WARN_NON_LITERAL_NULL_CONVERSION = YES;
				CLANG_WARN_OBJC_LITERAL_CONVERSION = YES;
				CLANG_WARN_OBJC_ROOT_CLASS = YES_ERROR;
				CLANG_WARN_RANGE_LOOP_ANALYSIS = YES;
				CLANG_WARN_STRICT_PROTOTYPES = YES;
				CLANG_WARN_SUSPICIOUS_MOVE = YES;
				CLANG_WARN_UNGUARDED_AVAILABILITY = YES_AGGRESSIVE;
				CLANG_WARN_UNREACHABLE_CODE = YES;
				CLANG_WARN__DUPLICATE_METHOD_MATCH = YES;
				CODE_SIGN_IDENTITY = "iPhone Developer";
				COPY_PHASE_STRIP = NO;
				DEBUG_INFORMATION_FORMAT = "dwarf-with-dsym";
				ENABLE_NS_ASSERTIONS = NO;
				ENABLE_STRICT_OBJC_MSGSEND = YES;
				GCC_C_LANGUAGE_STANDARD = gnu11;
				GCC_NO_COMMON_BLOCKS = YES;
				GCC_WARN_64_TO_32_BIT_CONVERSION = YES;
				GCC_WARN_ABOUT_RETURN_TYPE = YES_ERROR;
				GCC_WARN_UNDECLARED_SELECTOR = YES;
				GCC_WARN_UNINITIALIZED_AUTOS = YES_AGGRESSIVE;
				GCC_WARN_UNUSED_FUNCTION = YES;
				GCC_WARN_UNUSED_VARIABLE = YES;
				IPHONEOS_DEPLOYMENT_TARGET = 11.2;
				MTL_ENABLE_DEBUG_INFO = NO;
				SDKROOT = iphoneos;
				SWIFT_OPTIMIZATION_LEVEL = "-Owholemodule";
				VALIDATE_PRODUCT = YES;
			};
			name = Release;
		};
		AFA54CBB20501C840032BEA9 /* Debug */ = {
			isa = XCBuildConfiguration;
			buildSettings = {
				ALWAYS_EMBED_SWIFT_STANDARD_LIBRARIES = YES;
				ASSETCATALOG_COMPILER_APPICON_NAME = AppIcon;
				CODE_SIGN_STYLE = Automatic;
				INFOPLIST_FILE = "Patreon Sample App/Info.plist";
				LD_RUNPATH_SEARCH_PATHS = "$(inherited) @executable_path/Frameworks";
				PRODUCT_BUNDLE_IDENTIFIER = "com.fotidim.Patreon-Sample-App";
				PRODUCT_NAME = "$(TARGET_NAME)";
				SWIFT_VERSION = 4.0;
				TARGETED_DEVICE_FAMILY = "1,2";
			};
			name = Debug;
		};
		AFA54CBC20501C840032BEA9 /* Release */ = {
			isa = XCBuildConfiguration;
			buildSettings = {
				ALWAYS_EMBED_SWIFT_STANDARD_LIBRARIES = YES;
				ASSETCATALOG_COMPILER_APPICON_NAME = AppIcon;
				CODE_SIGN_STYLE = Automatic;
				INFOPLIST_FILE = "Patreon Sample App/Info.plist";
				LD_RUNPATH_SEARCH_PATHS = "$(inherited) @executable_path/Frameworks";
				PRODUCT_BUNDLE_IDENTIFIER = "com.fotidim.Patreon-Sample-App";
				PRODUCT_NAME = "$(TARGET_NAME)";
				SWIFT_VERSION = 4.0;
				TARGETED_DEVICE_FAMILY = "1,2";
			};
			name = Release;
		};
/* End XCBuildConfiguration section */

/* Begin XCConfigurationList section */
		AFA54CA320501C840032BEA9 /* Build configuration list for PBXProject "Patreon Sample App" */ = {
			isa = XCConfigurationList;
			buildConfigurations = (
				AFA54CB820501C840032BEA9 /* Debug */,
				AFA54CB920501C840032BEA9 /* Release */,
			);
			defaultConfigurationIsVisible = 0;
			defaultConfigurationName = Release;
		};
		AFA54CBA20501C840032BEA9 /* Build configuration list for PBXNativeTarget "Patreon Sample App" */ = {
			isa = XCConfigurationList;
			buildConfigurations = (
				AFA54CBB20501C840032BEA9 /* Debug */,
				AFA54CBC20501C840032BEA9 /* Release */,
			);
			defaultConfigurationIsVisible = 0;
			defaultConfigurationName = Release;
		};
/* End XCConfigurationList section */
	};
	rootObject = AFA54CA020501C840032BEA9 /* Project object */;
}
